{
  "name": "taskManager",
  "version": "1.0.0",
  "lockfileVersion": 1,
  "requires": true,
  "dependencies": {
    "up2require": {
      "version": "1.3.0",
      "resolved": "https://registry.npmjs.org/up2require/-/up2require-1.3.0.tgz",
      "integrity": "sha512-O2mG3xNLJ05EBzR+nTXLBi6bFxDiRcm9LA7DXJXc3br+Iop6aArl2MIihBqD3mRJ3w2PeRLvLBHzFwGbzJMF5A=="
    }
  }
}
